
Microsoft Visual Studio Solution File, Format Version 12.00
# Visual Studio Version 16
VisualStudioVersion = 16.0.30907.101
MinimumVisualStudioVersion = 10.0.40219.1
Project("{9A19103F-16F7-4668-BE54-9A1E7A4F7556}") = "PeliculasAPI", "PeliculasAPI.csproj", "{368FC0E3-3A66-47AF-A2EE-5539F5EECB71}"
EndProject
Global
	GlobalSection(SolutionConfigurationPlatforms) = preSolution
		Debug|Any CPU = Debug|Any CPU
		Release|Any CPU = Release|Any CPU
	EndGlobalSection
	GlobalSection(ProjectConfigurationPlatforms) = postSolution
		{368FC0E3-3A66-47AF-A2EE-5539F5EECB71}.Debug|Any CPU.ActiveCfg = Debug|Any CPU
		{368FC0E3-3A66-47AF-A2EE-5539F5EECB71}.Debug|Any CPU.Build.0 = Debug|Any CPU
		{368FC0E3-3A66-47AF-A2EE-5539F5EECB71}.Release|Any CPU.ActiveCfg = Release|Any CPU
		{368FC0E3-3A66-47AF-A2EE-5539F5EECB71}.Release|Any CPU.Build.0 = Release|Any CPU
	EndGlobalSection
	GlobalSection(SolutionProperties) = preSolution
		HideSolutionNode = FALSE
	EndGlobalSection
	GlobalSection(ExtensibilityGlobals) = postSolution
		SolutionGuid = {61E788D6-430A-405A-B332-6FECA47A9E48}
	EndGlobalSection
EndGlobal
